# This file was autogenerated by Stack.
# You should not edit this file by hand.
# For more information, please see the documentation at:
#   https://docs.haskellstack.org/en/stable/lock_files

packages:
- completed:
    commit: cec8e5e9d9c92c994c293cd865b01daabaab7f0a
    git: https://github.com/jjba23/wikimusic-model-hs.git
    name: wikimusic-model-hs
    pantry-tree:
      sha256: 00da4309b7eb47ccc8b7ca2e1e5373fe90092f1189123d5fe2d48107f54a0a54
      size: 1821
    version: 1.2.0.3
  original:
    commit: cec8e5e9d9c92c994c293cd865b01daabaab7f0a
    git: https://github.com/jjba23/wikimusic-model-hs.git
- completed:
    commit: 77029fdec26c797aed0e4cc85281699924a042c6
    git: https://github.com/jjba23/keuringsdienst.git
    name: keuringsdienst
    pantry-tree:
      sha256: 13fb1ad89c7102fc15298e7360926cb72cb5a142b0351809b1d135ff08952265
      size: 1003
    version: 1.0.0.12
  original:
    commit: 77029fdec26c797aed0e4cc85281699924a042c6
    git: https://github.com/jjba23/keuringsdienst.git
- completed:
    hackage: tomland-1.3.3.3@sha256:877635f30fc7eeebc7b79283baeec1b7904365973cc3fd98c86f9d147eeef575,9147
    pantry-tree:
      sha256: 4b2b3295ea1bb95295087876a861f50e9f2c667731570fe24383210f794edfc1
      size: 6430
  original:
    hackage: tomland-1.3.3.3@sha256:877635f30fc7eeebc7b79283baeec1b7904365973cc3fd98c86f9d147eeef575,9147
- completed:
    hackage: validation-selective-0.2.0.0@sha256:cc847f1a110e3b1bd437a5356f115881b61cafcb11781b570b180efd88bf0907,3917
    pantry-tree:
      sha256: f6d871d6200ec0cf4903072028e17f0d0c7d9a71bedca11ace9d4c33a5387dd4
      size: 697
  original:
    hackage: validation-selective-0.2.0.0@sha256:cc847f1a110e3b1bd437a5356f115881b61cafcb11781b570b180efd88bf0907,3917
- completed:
    commit: 18d217579b901411fa51921463353864c448f48b
    git: https://github.com/jjba23/wikimusic-api-spec.git
    name: wikimusic-api-spec
    pantry-tree:
      sha256: bdace8ffe3b1890f00111606a50975cb8705c3082f17aceaf206158a463b7c10
      size: 702
    version: 1.2.1.2
  original:
    commit: 18d217579b901411fa51921463353864c448f48b
    git: https://github.com/jjba23/wikimusic-api-spec.git
- completed:
    commit: 1d97a5b112ba0184cbb08d6bc37f49f5acdfdb48
    git: https://github.com/jjba23/free-alacarte.git
    name: free-alacarte
    pantry-tree:
      sha256: 19230c2fd41cb50b4ba1ce2389812af68d0e3bac1135e7d4da2b247b229654b4
      size: 583
    version: 1.0.0.4
  original:
    commit: 1d97a5b112ba0184cbb08d6bc37f49f5acdfdb48
    git: https://github.com/jjba23/free-alacarte.git
snapshots:
- completed:
    sha256: edbd50d7e7c85c13ad5f5835ae2db92fab1e9cf05ecf85340e2622ec0a303df1
    size: 720020
    url: https://raw.githubusercontent.com/commercialhaskell/stackage-snapshots/master/lts/22/34.yaml
  original: lts-22.34
